
Microsoft Visual Studio Solution File, Format Version 12.00
# Visual Studio Version 17
VisualStudioVersion = 17.11.35303.130
MinimumVisualStudioVersion = 10.0.40219.1
Project("{FAE04EC0-301F-11D3-BF4B-00C04F79EFBC}") = "labo_veelgebruikteklassen2_dobbelsteen", "labo_veelgebruikteklassen2_dobbelsteen.csproj", "{9F6EBBB3-454A-4509-818E-96268530FCDE}"
EndProject
Global
	GlobalSection(SolutionConfigurationPlatforms) = preSolution
		Debug|Any CPU = Debug|Any CPU
		Release|Any CPU = Release|Any CPU
	EndGlobalSection
	GlobalSection(ProjectConfigurationPlatforms) = postSolution
		{9F6EBBB3-454A-4509-818E-96268530FCDE}.Debug|Any CPU.ActiveCfg = Debug|Any CPU
		{9F6EBBB3-454A-4509-818E-96268530FCDE}.Debug|Any CPU.Build.0 = Debug|Any CPU
		{9F6EBBB3-454A-4509-818E-96268530FCDE}.Release|Any CPU.ActiveCfg = Release|Any CPU
		{9F6EBBB3-454A-4509-818E-96268530FCDE}.Release|Any CPU.Build.0 = Release|Any CPU
	EndGlobalSection
	GlobalSection(SolutionProperties) = preSolution
		HideSolutionNode = FALSE
	EndGlobalSection
	GlobalSection(ExtensibilityGlobals) = postSolution
		SolutionGuid = {BB4C5B5A-4EC4-4576-A546-C83A7203E840}
	EndGlobalSection
EndGlobal
